
Microsoft Visual Studio Solution File, Format Version 12.00
# Visual Studio Version 16
VisualStudioVersion = 16.0.31424.327
MinimumVisualStudioVersion = 10.0.40219.1
Project("{FAE04EC0-301F-11D3-BF4B-00C04F79EFBC}") = "PruebaEfectyService", "PruebaEfectyService\PruebaEfectyService.csproj", "{DCA327AB-34A9-4ECB-B1B1-C25F98D3A1BA}"
EndProject
Project("{FAE04EC0-301F-11D3-BF4B-00C04F79EFBC}") = "Datos", "Datos\Datos.csproj", "{9425A21E-3398-4A6B-B2CF-AC168C45FCE3}"
EndProject
Project("{FAE04EC0-301F-11D3-BF4B-00C04F79EFBC}") = "RepositoryDatos", "RepositoryDatos\RepositoryDatos.csproj", "{153594AB-894D-44FA-88AA-7ED3EA626B89}"
EndProject
Global
	GlobalSection(SolutionConfigurationPlatforms) = preSolution
		Debug|Any CPU = Debug|Any CPU
		Release|Any CPU = Release|Any CPU
	EndGlobalSection
	GlobalSection(ProjectConfigurationPlatforms) = postSolution
		{DCA327AB-34A9-4ECB-B1B1-C25F98D3A1BA}.Debug|Any CPU.ActiveCfg = Debug|Any CPU
		{DCA327AB-34A9-4ECB-B1B1-C25F98D3A1BA}.Debug|Any CPU.Build.0 = Debug|Any CPU
		{DCA327AB-34A9-4ECB-B1B1-C25F98D3A1BA}.Release|Any CPU.ActiveCfg = Release|Any CPU
		{DCA327AB-34A9-4ECB-B1B1-C25F98D3A1BA}.Release|Any CPU.Build.0 = Release|Any CPU
		{9425A21E-3398-4A6B-B2CF-AC168C45FCE3}.Debug|Any CPU.ActiveCfg = Debug|Any CPU
		{9425A21E-3398-4A6B-B2CF-AC168C45FCE3}.Debug|Any CPU.Build.0 = Debug|Any CPU
		{9425A21E-3398-4A6B-B2CF-AC168C45FCE3}.Release|Any CPU.ActiveCfg = Release|Any CPU
		{9425A21E-3398-4A6B-B2CF-AC168C45FCE3}.Release|Any CPU.Build.0 = Release|Any CPU
		{153594AB-894D-44FA-88AA-7ED3EA626B89}.Debug|Any CPU.ActiveCfg = Debug|Any CPU
		{153594AB-894D-44FA-88AA-7ED3EA626B89}.Debug|Any CPU.Build.0 = Debug|Any CPU
		{153594AB-894D-44FA-88AA-7ED3EA626B89}.Release|Any CPU.ActiveCfg = Release|Any CPU
		{153594AB-894D-44FA-88AA-7ED3EA626B89}.Release|Any CPU.Build.0 = Release|Any CPU
	EndGlobalSection
	GlobalSection(SolutionProperties) = preSolution
		HideSolutionNode = FALSE
	EndGlobalSection
	GlobalSection(ExtensibilityGlobals) = postSolution
		SolutionGuid = {D4C554CD-AB76-4876-9018-93F7D5A1DEE0}
	EndGlobalSection
EndGlobal
